
Microsoft Visual Studio Solution File, Format Version 12.00
# Visual Studio Version 16
VisualStudioVersion = 16.0.29806.167
MinimumVisualStudioVersion = 10.0.40219.1
Project("{FAE04EC0-301F-11D3-BF4B-00C04F79EFBC}") = "CostNAGAPI", "CostNAGAPI.csproj", "{71A99D57-A4B3-46AA-B93C-FDE1A48960A9}"
EndProject
Global
	GlobalSection(SolutionConfigurationPlatforms) = preSolution
		Debug|Any CPU = Debug|Any CPU
		Release|Any CPU = Release|Any CPU
	EndGlobalSection
	GlobalSection(ProjectConfigurationPlatforms) = postSolution
		{71A99D57-A4B3-46AA-B93C-FDE1A48960A9}.Debug|Any CPU.ActiveCfg = Debug|Any CPU
		{71A99D57-A4B3-46AA-B93C-FDE1A48960A9}.Debug|Any CPU.Build.0 = Debug|Any CPU
		{71A99D57-A4B3-46AA-B93C-FDE1A48960A9}.Release|Any CPU.ActiveCfg = Release|Any CPU
		{71A99D57-A4B3-46AA-B93C-FDE1A48960A9}.Release|Any CPU.Build.0 = Release|Any CPU
	EndGlobalSection
	GlobalSection(SolutionProperties) = preSolution
		HideSolutionNode = FALSE
	EndGlobalSection
	GlobalSection(ExtensibilityGlobals) = postSolution
		SolutionGuid = {3851664A-E7F1-4683-9E63-B1C61B9012B7}
	EndGlobalSection
EndGlobal
